
Microsoft Visual Studio Solution File, Format Version 12.00
# Visual Studio Version 16
VisualStudioVersion = 16.0.28917.181
MinimumVisualStudioVersion = 10.0.40219.1
Project("{FAE04EC0-301F-11D3-BF4B-00C04F79EFBC}") = "SMPRmonitoring", "SMPRmonitoring\SMPRmonitoring.csproj", "{E4988BA0-CFC8-4D50-91DA-B91665445E39}"
EndProject
Project("{FAE04EC0-301F-11D3-BF4B-00C04F79EFBC}") = "SmprMonitoringService", "SmprMonitoringService\SmprMonitoringService.csproj", "{D7563ABB-73E4-4C1A-8A15-E48A7C408306}"
EndProject
Project("{FAE04EC0-301F-11D3-BF4B-00C04F79EFBC}") = "lib60870", "lib60870\lib60870.csproj", "{F604286A-1AFC-4355-8C2C-A998CFCEE979}"
EndProject
Project("{FAE04EC0-301F-11D3-BF4B-00C04F79EFBC}") = "Configurator", "Configurator\Configurator.csproj", "{3624C13F-9928-4471-9090-CD59A27FDB9A}"
EndProject
Project("{FAE04EC0-301F-11D3-BF4B-00C04F79EFBC}") = "testTcpReasembly", "testTcpReasembly\testTcpReasembly.csproj", "{B695AA78-5D14-4603-A17C-5CFD25426BEF}"
EndProject
Project("{FAE04EC0-301F-11D3-BF4B-00C04F79EFBC}") = "testIpTypes", "testIpTypes\testIpTypes.csproj", "{0D39EB67-B86E-4E58-8814-302688BE245A}"
EndProject
Global
	GlobalSection(SolutionConfigurationPlatforms) = preSolution
		Debug|Any CPU = Debug|Any CPU
		Debug|x64 = Debug|x64
		Debug|x86 = Debug|x86
		Release|Any CPU = Release|Any CPU
		Release|x64 = Release|x64
		Release|x86 = Release|x86
	EndGlobalSection
	GlobalSection(ProjectConfigurationPlatforms) = postSolution
		{E4988BA0-CFC8-4D50-91DA-B91665445E39}.Debug|Any CPU.ActiveCfg = Debug|Any CPU
		{E4988BA0-CFC8-4D50-91DA-B91665445E39}.Debug|Any CPU.Build.0 = Debug|Any CPU
		{E4988BA0-CFC8-4D50-91DA-B91665445E39}.Debug|x64.ActiveCfg = Debug|x64
		{E4988BA0-CFC8-4D50-91DA-B91665445E39}.Debug|x64.Build.0 = Debug|x64
		{E4988BA0-CFC8-4D50-91DA-B91665445E39}.Debug|x86.ActiveCfg = Debug|Any CPU
		{E4988BA0-CFC8-4D50-91DA-B91665445E39}.Debug|x86.Build.0 = Debug|Any CPU
		{E4988BA0-CFC8-4D50-91DA-B91665445E39}.Release|Any CPU.ActiveCfg = Release|Any CPU
		{E4988BA0-CFC8-4D50-91DA-B91665445E39}.Release|Any CPU.Build.0 = Release|Any CPU
		{E4988BA0-CFC8-4D50-91DA-B91665445E39}.Release|x64.ActiveCfg = Release|x64
		{E4988BA0-CFC8-4D50-91DA-B91665445E39}.Release|x64.Build.0 = Release|x64
		{E4988BA0-CFC8-4D50-91DA-B91665445E39}.Release|x86.ActiveCfg = Release|Any CPU
		{E4988BA0-CFC8-4D50-91DA-B91665445E39}.Release|x86.Build.0 = Release|Any CPU
		{D7563ABB-73E4-4C1A-8A15-E48A7C408306}.Debug|Any CPU.ActiveCfg = Debug|Any CPU
		{D7563ABB-73E4-4C1A-8A15-E48A7C408306}.Debug|Any CPU.Build.0 = Debug|Any CPU
		{D7563ABB-73E4-4C1A-8A15-E48A7C408306}.Debug|x64.ActiveCfg = Debug|x64
		{D7563ABB-73E4-4C1A-8A15-E48A7C408306}.Debug|x64.Build.0 = Debug|x64
		{D7563ABB-73E4-4C1A-8A15-E48A7C408306}.Debug|x86.ActiveCfg = Debug|Any CPU
		{D7563ABB-73E4-4C1A-8A15-E48A7C408306}.Debug|x86.Build.0 = Debug|Any CPU
		{D7563ABB-73E4-4C1A-8A15-E48A7C408306}.Release|Any CPU.ActiveCfg = Release|Any CPU
		{D7563ABB-73E4-4C1A-8A15-E48A7C408306}.Release|Any CPU.Build.0 = Release|Any CPU
		{D7563ABB-73E4-4C1A-8A15-E48A7C408306}.Release|x64.ActiveCfg = Release|x64
		{D7563ABB-73E4-4C1A-8A15-E48A7C408306}.Release|x64.Build.0 = Release|x64
		{D7563ABB-73E4-4C1A-8A15-E48A7C408306}.Release|x86.ActiveCfg = Release|Any CPU
		{D7563ABB-73E4-4C1A-8A15-E48A7C408306}.Release|x86.Build.0 = Release|Any CPU
		{F604286A-1AFC-4355-8C2C-A998CFCEE979}.Debug|Any CPU.ActiveCfg = Debug|x64
		{F604286A-1AFC-4355-8C2C-A998CFCEE979}.Debug|x64.ActiveCfg = Debug|x64
		{F604286A-1AFC-4355-8C2C-A998CFCEE979}.Debug|x64.Build.0 = Debug|x64
		{F604286A-1AFC-4355-8C2C-A998CFCEE979}.Debug|x86.ActiveCfg = Debug|x64
		{F604286A-1AFC-4355-8C2C-A998CFCEE979}.Release|Any CPU.ActiveCfg = Release|x64
		{F604286A-1AFC-4355-8C2C-A998CFCEE979}.Release|x64.ActiveCfg = Release|x64
		{F604286A-1AFC-4355-8C2C-A998CFCEE979}.Release|x64.Build.0 = Release|x64
		{F604286A-1AFC-4355-8C2C-A998CFCEE979}.Release|x86.ActiveCfg = Release|x64
		{3624C13F-9928-4471-9090-CD59A27FDB9A}.Debug|Any CPU.ActiveCfg = Debug|x64
		{3624C13F-9928-4471-9090-CD59A27FDB9A}.Debug|x64.ActiveCfg = Debug|x64
		{3624C13F-9928-4471-9090-CD59A27FDB9A}.Debug|x64.Build.0 = Debug|x64
		{3624C13F-9928-4471-9090-CD59A27FDB9A}.Debug|x86.ActiveCfg = Debug|x64
		{3624C13F-9928-4471-9090-CD59A27FDB9A}.Release|Any CPU.ActiveCfg = Release|x64
		{3624C13F-9928-4471-9090-CD59A27FDB9A}.Release|x64.ActiveCfg = Release|x64
		{3624C13F-9928-4471-9090-CD59A27FDB9A}.Release|x64.Build.0 = Release|x64
		{3624C13F-9928-4471-9090-CD59A27FDB9A}.Release|x86.ActiveCfg = Release|x64
		{B695AA78-5D14-4603-A17C-5CFD25426BEF}.Debug|Any CPU.ActiveCfg = Debug|Any CPU
		{B695AA78-5D14-4603-A17C-5CFD25426BEF}.Debug|Any CPU.Build.0 = Debug|Any CPU
		{B695AA78-5D14-4603-A17C-5CFD25426BEF}.Debug|x64.ActiveCfg = Debug|Any CPU
		{B695AA78-5D14-4603-A17C-5CFD25426BEF}.Debug|x64.Build.0 = Debug|Any CPU
		{B695AA78-5D14-4603-A17C-5CFD25426BEF}.Debug|x86.ActiveCfg = Debug|Any CPU
		{B695AA78-5D14-4603-A17C-5CFD25426BEF}.Debug|x86.Build.0 = Debug|Any CPU
		{B695AA78-5D14-4603-A17C-5CFD25426BEF}.Release|Any CPU.ActiveCfg = Release|Any CPU
		{B695AA78-5D14-4603-A17C-5CFD25426BEF}.Release|Any CPU.Build.0 = Release|Any CPU
		{B695AA78-5D14-4603-A17C-5CFD25426BEF}.Release|x64.ActiveCfg = Release|Any CPU
		{B695AA78-5D14-4603-A17C-5CFD25426BEF}.Release|x64.Build.0 = Release|Any CPU
		{B695AA78-5D14-4603-A17C-5CFD25426BEF}.Release|x86.ActiveCfg = Release|Any CPU
		{B695AA78-5D14-4603-A17C-5CFD25426BEF}.Release|x86.Build.0 = Release|Any CPU
		{0D39EB67-B86E-4E58-8814-302688BE245A}.Debug|Any CPU.ActiveCfg = Debug|Any CPU
		{0D39EB67-B86E-4E58-8814-302688BE245A}.Debug|Any CPU.Build.0 = Debug|Any CPU
		{0D39EB67-B86E-4E58-8814-302688BE245A}.Debug|x64.ActiveCfg = Debug|Any CPU
		{0D39EB67-B86E-4E58-8814-302688BE245A}.Debug|x64.Build.0 = Debug|Any CPU
		{0D39EB67-B86E-4E58-8814-302688BE245A}.Debug|x86.ActiveCfg = Debug|Any CPU
		{0D39EB67-B86E-4E58-8814-302688BE245A}.Debug|x86.Build.0 = Debug|Any CPU
		{0D39EB67-B86E-4E58-8814-302688BE245A}.Release|Any CPU.ActiveCfg = Release|Any CPU
		{0D39EB67-B86E-4E58-8814-302688BE245A}.Release|Any CPU.Build.0 = Release|Any CPU
		{0D39EB67-B86E-4E58-8814-302688BE245A}.Release|x64.ActiveCfg = Release|Any CPU
		{0D39EB67-B86E-4E58-8814-302688BE245A}.Release|x64.Build.0 = Release|Any CPU
		{0D39EB67-B86E-4E58-8814-302688BE245A}.Release|x86.ActiveCfg = Release|Any CPU
		{0D39EB67-B86E-4E58-8814-302688BE245A}.Release|x86.Build.0 = Release|Any CPU
	EndGlobalSection
	GlobalSection(SolutionProperties) = preSolution
		HideSolutionNode = FALSE
	EndGlobalSection
	GlobalSection(ExtensibilityGlobals) = postSolution
		SolutionGuid = {CDE528EC-C8D0-4D9D-89A5-0B05EC2C7967}
	EndGlobalSection
EndGlobal
